
Microsoft Visual Studio Solution File, Format Version 12.00
# Visual Studio Version 17
VisualStudioVersion = 17.2.32516.85
MinimumVisualStudioVersion = 10.0.40219.1
Project("{FAE04EC0-301F-11D3-BF4B-00C04F79EFBC}") = "SS CASE IT CGPA Calculator", "SS CASE IT CGPA Calculator\SS CASE IT CGPA Calculator.csproj", "{D14B0D48-3382-4611-B54B-ACC476B436A2}"
EndProject
Global
	GlobalSection(SolutionConfigurationPlatforms) = preSolution
		Debug|Any CPU = Debug|Any CPU
		Release|Any CPU = Release|Any CPU
	EndGlobalSection
	GlobalSection(ProjectConfigurationPlatforms) = postSolution
		{D14B0D48-3382-4611-B54B-ACC476B436A2}.Debug|Any CPU.ActiveCfg = Debug|Any CPU
		{D14B0D48-3382-4611-B54B-ACC476B436A2}.Debug|Any CPU.Build.0 = Debug|Any CPU
		{D14B0D48-3382-4611-B54B-ACC476B436A2}.Release|Any CPU.ActiveCfg = Release|Any CPU
		{D14B0D48-3382-4611-B54B-ACC476B436A2}.Release|Any CPU.Build.0 = Release|Any CPU
	EndGlobalSection
	GlobalSection(SolutionProperties) = preSolution
		HideSolutionNode = FALSE
	EndGlobalSection
	GlobalSection(ExtensibilityGlobals) = postSolution
		SolutionGuid = {C7C146B0-5B7F-45E5-BE66-03B71A9E2FD7}
	EndGlobalSection
EndGlobal
